
Microsoft Visual Studio Solution File, Format Version 12.00
# Visual Studio 15
VisualStudioVersion = 15.0.27703.2026
MinimumVisualStudioVersion = 10.0.40219.1
Project("{FAE04EC0-301F-11D3-BF4B-00C04F79EFBC}") = "Lab24", "Lab24\Lab24.csproj", "{1D0670D8-64E1-44AE-8A38-13EA4CD2918F}"
EndProject
Global
	GlobalSection(SolutionConfigurationPlatforms) = preSolution
		Debug|Any CPU = Debug|Any CPU
		Release|Any CPU = Release|Any CPU
	EndGlobalSection
	GlobalSection(ProjectConfigurationPlatforms) = postSolution
		{1D0670D8-64E1-44AE-8A38-13EA4CD2918F}.Debug|Any CPU.ActiveCfg = Debug|Any CPU
		{1D0670D8-64E1-44AE-8A38-13EA4CD2918F}.Debug|Any CPU.Build.0 = Debug|Any CPU
		{1D0670D8-64E1-44AE-8A38-13EA4CD2918F}.Release|Any CPU.ActiveCfg = Release|Any CPU
		{1D0670D8-64E1-44AE-8A38-13EA4CD2918F}.Release|Any CPU.Build.0 = Release|Any CPU
	EndGlobalSection
	GlobalSection(SolutionProperties) = preSolution
		HideSolutionNode = FALSE
	EndGlobalSection
	GlobalSection(ExtensibilityGlobals) = postSolution
		SolutionGuid = {C1CF0A95-7041-4C43-AC15-E6B841C1A7DB}
	EndGlobalSection
EndGlobal
